
Microsoft Visual Studio Solution File, Format Version 12.00
# Visual Studio Version 16
VisualStudioVersion = 16.0.31702.278
MinimumVisualStudioVersion = 10.0.40219.1
Project("{FAE04EC0-301F-11D3-BF4B-00C04F79EFBC}") = "WebAltura", "WebAltura\WebAltura.csproj", "{C3368268-10C9-4349-AB47-C87FAF5F205C}"
EndProject
Global
	GlobalSection(SolutionConfigurationPlatforms) = preSolution
		Debug|Any CPU = Debug|Any CPU
		Release|Any CPU = Release|Any CPU
	EndGlobalSection
	GlobalSection(ProjectConfigurationPlatforms) = postSolution
		{C3368268-10C9-4349-AB47-C87FAF5F205C}.Debug|Any CPU.ActiveCfg = Debug|Any CPU
		{C3368268-10C9-4349-AB47-C87FAF5F205C}.Debug|Any CPU.Build.0 = Debug|Any CPU
		{C3368268-10C9-4349-AB47-C87FAF5F205C}.Release|Any CPU.ActiveCfg = Release|Any CPU
		{C3368268-10C9-4349-AB47-C87FAF5F205C}.Release|Any CPU.Build.0 = Release|Any CPU
	EndGlobalSection
	GlobalSection(SolutionProperties) = preSolution
		HideSolutionNode = FALSE
	EndGlobalSection
	GlobalSection(ExtensibilityGlobals) = postSolution
		SolutionGuid = {C3B28599-BE15-4A99-8994-9CE82D1608EE}
	EndGlobalSection
EndGlobal
